{
  "version": 4,
  "terraform_version": "1.9.8",
  "serial": 139,
  "lineage": "e500c8b9-62a8-f40b-20a7-527734d2fcfc",
  "outputs": {
    "instance_id": {
      "value": "i-0bd573eb85d1ae99f",
      "type": "string"
    }
  },
  "resources": [
    {
      "module": "module.modulecomputedemo",
      "mode": "managed",
      "type": "aws_eip",
      "name": "dev-eip",
      "provider": "provider[\"registry.terraform.io/hashicorp/aws\"]",
      "instances": [
        {
          "schema_version": 0,
          "attributes": {
            "address": null,
            "allocation_id": "eipalloc-0dfb827e5c8b3f761",
            "arn": "arn:aws:ec2:us-east-1:737795138174:elastic-ip/eipalloc-0dfb827e5c8b3f761",
            "associate_with_private_ip": null,
            "association_id": "eipassoc-07cf672058ff2ed59",
            "carrier_ip": "",
            "customer_owned_ip": "",
            "customer_owned_ipv4_pool": "",
            "domain": "vpc",
            "id": "eipalloc-0dfb827e5c8b3f761",
            "instance": "i-0bd573eb85d1ae99f",
            "ipam_pool_id": null,
            "network_border_group": "us-east-1",
            "network_interface": "eni-0a6eb26e1c9a769bc",
            "private_dns": "ip-10-222-1-144.ec2.internal",
            "private_ip": "10.222.1.144",
            "ptr_record": "",
            "public_dns": "ec2-54-80-190-144.compute-1.amazonaws.com",
            "public_ip": "54.80.190.144",
            "public_ipv4_pool": "amazon",
            "tags": {
              "Name": "dev-ec2-elastic-IP"
            },
            "tags_all": {
              "Name": "dev-ec2-elastic-IP"
            },
            "timeouts": null,
            "vpc": true
          },
          "sensitive_attributes": [],
          "private": "eyJlMmJmYjczMC1lY2FhLTExZTYtOGY4OC0zNDM2M2JjN2M0YzAiOnsiZGVsZXRlIjoxODAwMDAwMDAwMDAsInJlYWQiOjkwMDAwMDAwMDAwMCwidXBkYXRlIjozMDAwMDAwMDAwMDB9fQ==",
          "dependencies": [
            "module.modulecomputedemo.aws_instance.vm16",
            "module.modulecomputedemo.aws_internet_gateway.dev-igway",
            "module.modulecomputedemo.aws_security_group.db-sguser16"
          ]
        }
      ]
    },
    {
      "module": "module.modulecomputedemo",
      "mode": "managed",
      "type": "aws_instance",
      "name": "vm16",
      "provider": "provider[\"registry.terraform.io/hashicorp/aws\"]",
      "instances": [
        {
          "schema_version": 1,
          "attributes": {
            "ami": "ami-0866a3c8686eaeeba",
            "arn": "arn:aws:ec2:us-east-1:737795138174:instance/i-0bd573eb85d1ae99f",
            "associate_public_ip_address": true,
            "availability_zone": "us-east-1b",
            "capacity_reservation_specification": [
              {
                "capacity_reservation_preference": "open",
                "capacity_reservation_target": []
              }
            ],
            "cpu_core_count": 1,
            "cpu_options": [
              {
                "amd_sev_snp": "",
                "core_count": 1,
                "threads_per_core": 1
              }
            ],
            "cpu_threads_per_core": 1,
            "credit_specification": [
              {
                "cpu_credits": "standard"
              }
            ],
            "disable_api_stop": false,
            "disable_api_termination": false,
            "ebs_block_device": [],
            "ebs_optimized": false,
            "enclave_options": [
              {
                "enabled": false
              }
            ],
            "ephemeral_block_device": [],
            "get_password_data": false,
            "hibernation": false,
            "host_id": "",
            "host_resource_group_arn": null,
            "iam_instance_profile": "",
            "id": "i-0bd573eb85d1ae99f",
            "instance_initiated_shutdown_behavior": "stop",
            "instance_lifecycle": "",
            "instance_market_options": [],
            "instance_state": "running",
            "instance_type": "t2.micro",
            "ipv6_address_count": 0,
            "ipv6_addresses": [],
            "key_name": "",
            "launch_template": [],
            "maintenance_options": [
              {
                "auto_recovery": "default"
              }
            ],
            "metadata_options": [
              {
                "http_endpoint": "enabled",
                "http_protocol_ipv6": "disabled",
                "http_put_response_hop_limit": 2,
                "http_tokens": "required",
                "instance_metadata_tags": "disabled"
              }
            ],
            "monitoring": false,
            "network_interface": [],
            "outpost_arn": "",
            "password_data": "",
            "placement_group": "",
            "placement_partition_number": 0,
            "primary_network_interface_id": "eni-0a6eb26e1c9a769bc",
            "private_dns": "ip-10-222-1-144.ec2.internal",
            "private_dns_name_options": [
              {
                "enable_resource_name_dns_a_record": false,
                "enable_resource_name_dns_aaaa_record": false,
                "hostname_type": "ip-name"
              }
            ],
            "private_ip": "10.222.1.144",
            "public_dns": "",
            "public_ip": "54.80.190.144",
            "root_block_device": [
              {
                "delete_on_termination": true,
                "device_name": "/dev/sda1",
                "encrypted": false,
                "iops": 3000,
                "kms_key_id": "",
                "tags": {},
                "tags_all": {},
                "throughput": 125,
                "volume_id": "vol-09bc1bdbdb44e0835",
                "volume_size": 8,
                "volume_type": "gp3"
              }
            ],
            "secondary_private_ips": [],
            "security_groups": [],
            "source_dest_check": true,
            "spot_instance_request_id": "",
            "subnet_id": "subnet-015db1381a20bd2f6",
            "tags": {
              "Name": "vmuser16"
            },
            "tags_all": {
              "Name": "vmuser16"
            },
            "tenancy": "default",
            "timeouts": null,
            "user_data": null,
            "user_data_base64": null,
            "user_data_replace_on_change": false,
            "volume_tags": null,
            "vpc_security_group_ids": [
              "sg-0727565933344dea6"
            ]
          },
          "sensitive_attributes": [],
          "private": "eyJlMmJmYjczMC1lY2FhLTExZTYtOGY4OC0zNDM2M2JjN2M0YzAiOnsiY3JlYXRlIjo2MDAwMDAwMDAwMDAsImRlbGV0ZSI6MTIwMDAwMDAwMDAwMCwicmVhZCI6OTAwMDAwMDAwMDAwLCJ1cGRhdGUiOjYwMDAwMDAwMDAwMH0sInNjaGVtYV92ZXJzaW9uIjoiMSJ9",
          "dependencies": [
            "module.modulecomputedemo.aws_security_group.db-sguser16"
          ]
        }
      ]
    },
    {
      "module": "module.modulecomputedemo",
      "mode": "managed",
      "type": "aws_internet_gateway",
      "name": "dev-igway",
      "provider": "provider[\"registry.terraform.io/hashicorp/aws\"]",
      "instances": [
        {
          "schema_version": 0,
          "attributes": {
            "arn": "arn:aws:ec2:us-east-1:737795138174:internet-gateway/igw-063314bead3c31e20",
            "id": "igw-063314bead3c31e20",
            "owner_id": "737795138174",
            "tags": {
              "Name": "dev-250-igateway"
            },
            "tags_all": {
              "Name": "dev-250-igateway"
            },
            "timeouts": null,
            "vpc_id": "vpc-094579365b61b900d"
          },
          "sensitive_attributes": [],
          "private": "eyJlMmJmYjczMC1lY2FhLTExZTYtOGY4OC0zNDM2M2JjN2M0YzAiOnsiY3JlYXRlIjoxMjAwMDAwMDAwMDAwLCJkZWxldGUiOjEyMDAwMDAwMDAwMDAsInVwZGF0ZSI6MTIwMDAwMDAwMDAwMH19"
        }
      ]
    },
    {
      "module": "module.modulecomputedemo",
      "mode": "managed",
      "type": "aws_key_pair",
      "name": "ec2_key",
      "provider": "provider[\"registry.terraform.io/hashicorp/aws\"]",
      "instances": [
        {
          "schema_version": 1,
          "attributes": {
            "arn": "arn:aws:ec2:us-east-1:737795138174:key-pair/keypairuser16",
            "fingerprint": "91:2f:56:f1:9d:3a:5e:92:da:df:70:11:61:e5:3a:70",
            "id": "keypairuser16",
            "key_name": "keypairuser16",
            "key_name_prefix": "",
            "key_pair_id": "key-05041883d9a36d44f",
            "key_type": "rsa",
            "public_key": "ssh-rsa AAAAB3NzaC1yc2EAAAADAQABAAABAQC5nZPFjgFo8n81wgtI6ul2CraUHOdSXRj9gWYV/1q8b57xxQlmDbue3YuNEl/2uAyfWlKgw++rDwSdmkzkJgpsj6Amg3QLhTLrkgl5Hni717kJDo06WTDE929UY5E8pWzYRZHFTAOY2ytRka1z5oPztRt4+d7Gd5dlZkB1DzdxDW6kQzujvNIA/85GxMurz3iKhy5WLF+X04NX3I6Hzdsd6tKfQ70Xmrotx7LjWOe+kk9YAn0GP34wyZTTGq8tWHWsstNCWJPnCSSLIYWSPfeEIPGbpyVLwFONOTd8Xu65HSa4bGTMSMABbjlpBY/iuqQ/LYsiwKsrk1OPFHkCcekL",
            "tags": {},
            "tags_all": {}
          },
          "sensitive_attributes": [],
          "private": "eyJzY2hlbWFfdmVyc2lvbiI6IjEifQ==",
          "dependencies": [
            "module.modulecomputedemo.tls_private_key.dbkey"
          ]
        }
      ]
    },
    {
      "module": "module.modulecomputedemo",
      "mode": "managed",
      "type": "aws_security_group",
      "name": "db-sguser16",
      "provider": "provider[\"registry.terraform.io/hashicorp/aws\"]",
      "instances": [
        {
          "schema_version": 1,
          "attributes": {
            "arn": "arn:aws:ec2:us-east-1:737795138174:security-group/sg-0727565933344dea6",
            "description": "Db server traffic allowed ssh \u0026 http",
            "egress": [],
            "id": "sg-0727565933344dea6",
            "ingress": [],
            "name": "db-web-ssh-sguser16",
            "name_prefix": "",
            "owner_id": "737795138174",
            "revoke_rules_on_delete": false,
            "tags": {},
            "tags_all": {},
            "timeouts": null,
            "vpc_id": "vpc-094579365b61b900d"
          },
          "sensitive_attributes": [],
          "private": "eyJlMmJmYjczMC1lY2FhLTExZTYtOGY4OC0zNDM2M2JjN2M0YzAiOnsiY3JlYXRlIjo2MDAwMDAwMDAwMDAsImRlbGV0ZSI6OTAwMDAwMDAwMDAwfSwic2NoZW1hX3ZlcnNpb24iOiIxIn0="
        }
      ]
    },
    {
      "module": "module.modulecomputedemo",
      "mode": "managed",
      "type": "local_file",
      "name": "dbkey_pem",
      "provider": "provider[\"registry.terraform.io/hashicorp/local\"]",
      "instances": [
        {
          "schema_version": 0,
          "attributes": {
            "content": "-----BEGIN RSA PRIVATE KEY-----\nMIIEowIBAAKCAQEAuZ2TxY4BaPJ/NcILSOrpdgq2lBznUl0Y/YFmFf9avG+e8cUJ\nZg27nt2LjRJf9rgMn1pSoMPvqw8EnZpM5CYKbI+gJoN0C4Uy65IJeR54u9e5CQ6N\nOlkwxPdvVGORPKVs2EWRxUwDmNsrUZGtc+aD87UbePnexneXZWZAdQ83cQ1upEM7\no7zSAP/ORsTLq894iocuVixfl9ODV9yOh83bHerSn0O9F5q6Lcey41jnvpJPWAJ9\nBj9+MMmU0xqvLVh1rLLTQliT5wkkiyGFkj33hCDxm6clS8BTjTk3fF7uuR0muGxk\nzEjAAW45aQWP4rqkPy2LIsCrK5NTjxR5AnHpCwIDAQABAoIBAQCcnz6FwGGoMJbu\nwaHMEYyVskyFhi4a7bucjYeaoDHsNzOjRmO73XKnhsGudAbNpFfiTtDSHwMpEC8Q\n3ZZsHT1GhZrZZKqS3f4tkLi1nuS5fDoCTmkVBxWD3lXum2V+CwhhJbLvDEksviM7\nXPVDiwtkpTldR1qXlWoGgdV58TETDpYfBGHm+wXzCXtvNs7071OcwjqZ1X6z3q7V\n/3SrRw4tRhr1a1UNzrjD6qbwBW1SxaFm0lynuiXuZkvH2H4BJU6lfu/lLMgWUq+5\nJ0JMVUxCdGt/2l8YIMPNoDFcj+z7jgDxrK+Gc2LE8z/tQWhqTmG4be49lWJVLIWW\nLg2YNukBAoGBAOXBpm5CvIvRxs1EchD43dRbhdFV3lEkS3qXmwgenVw20gWXTNTQ\nS3yyRm7x13NRXJ67WX0aakCqvBi2m79o5e1Z/HUQ/Y8lczywjl1MBkGee9fWU/0k\nlUK65bwc3FiUunUaSlnb3vZ/839BkHjU8N9ZPoIzQW0FMpa/7QmXzZChAoGBAM7R\nMdx9663CkQXucZ/Zq9j5x0ch0hAcjL5Yh9dIAgeFXKWSvXlft1mwvpl/t0crcQlh\nl2kpx0oJ6Zai8qRSICHMjE8ZzG4yeNMBE6aLeUbxeWjbPZIYwzQC/UCKXxT3/GvP\nNufyFbanWzA3op22TNCpfso4WGmiinZk9a48H94rAoGAWhyhkg1KtewI9Okrc8yn\n9GoRChGLqHd7wxFDFOQtA8XciaTV1YH8mWOyjED+J5R5pygD6TU7BzHvpCG65E/Y\nHkd05NVNHZ+qmtsEe0MeEQ5/tB+zwU1f3VRAVo9bPMLYfqVZE/VQdY2pivfEGiAq\neO8fvSEtP/0R4l5UMbcAQQECgYAVZVb/NJe5NjPCpVRj8STyIYUYOst8lzeISahk\nATMUjBt1laS8dcaGJN7TCn9vgXMEQXBklMnlQvlDeEAZ99UTKhIp7MVVcStGyQm7\nZRp62GhzDJtmDeHD87s3fhkwFierD5jijgzpBI9OgbL1FfMEc0SGryWWaBZjATbZ\ne6bgWQKBgCir69rnu+ss81TA3HR2YxYRpflVWvqty2PMvod7n772wZUyJ3iv7sd8\nCYi3ND3Iw3XpwDORMoIgxq4jhifG2UJf05djYnvXH04UHm5eJVa7iPrcMcpumNGI\nRbDE83Y6YC63/+WWYtiGm20YFxXkA0hKglj2pg7dNCOJlfr/b5JD\n-----END RSA PRIVATE KEY-----\n",
            "content_base64": null,
            "content_base64sha256": "G1RP++sKnfMFqRJqb4dlWHMkn0sX0P4mLTawcFNkuLw=",
            "content_base64sha512": "zjCBkd2GlJggIlrjnR63AptGeFVK/+Cl1NJZMqk4JlZqyYw78aiol/bPcybAuz7NXaVfCgMX7Cpzxpgu3qcHKg==",
            "content_md5": "1fe4b36676845729c0f9574b2c36e649",
            "content_sha1": "396f586ef8e3687ecdbf3ff8c1c67660ee4470a8",
            "content_sha256": "1b544ffbeb0a9df305a9126a6f87655873249f4b17d0fe262d36b0705364b8bc",
            "content_sha512": "ce308191dd86949820225ae39d1eb7029b4678554affe0a5d4d25932a93826566ac98c3bf1a8a897f6cf7326c0bb3ecd5da55f0a0317ec2a73c6982edea7072a",
            "directory_permission": "0777",
            "file_permission": "0400",
            "filename": "keypairuser16.pem",
            "id": "396f586ef8e3687ecdbf3ff8c1c67660ee4470a8",
            "sensitive_content": null,
            "source": null
          },
          "sensitive_attributes": [
            [
              {
                "type": "get_attr",
                "value": "sensitive_content"
              }
            ],
            [
              {
                "type": "get_attr",
                "value": "content"
              }
            ]
          ],
          "dependencies": [
            "module.modulecomputedemo.tls_private_key.dbkey"
          ]
        }
      ]
    },
    {
      "module": "module.modulecomputedemo",
      "mode": "managed",
      "type": "tls_private_key",
      "name": "dbkey",
      "provider": "provider[\"registry.terraform.io/hashicorp/tls\"]",
      "instances": [
        {
          "schema_version": 1,
          "attributes": {
            "algorithm": "RSA",
            "ecdsa_curve": "P224",
            "id": "c6241cb4909bcf17b000df574b8d7c550b4f9adc",
            "private_key_openssh": "-----BEGIN OPENSSH PRIVATE KEY-----\nb3BlbnNzaC1rZXktdjEAAAAABG5vbmUAAAAEbm9uZQAAAAAAAAABAAABFwAAAAdz\nc2gtcnNhAAAAAwEAAQAAAQEAuZ2TxY4BaPJ/NcILSOrpdgq2lBznUl0Y/YFmFf9a\nvG+e8cUJZg27nt2LjRJf9rgMn1pSoMPvqw8EnZpM5CYKbI+gJoN0C4Uy65IJeR54\nu9e5CQ6NOlkwxPdvVGORPKVs2EWRxUwDmNsrUZGtc+aD87UbePnexneXZWZAdQ83\ncQ1upEM7o7zSAP/ORsTLq894iocuVixfl9ODV9yOh83bHerSn0O9F5q6Lcey41jn\nvpJPWAJ9Bj9+MMmU0xqvLVh1rLLTQliT5wkkiyGFkj33hCDxm6clS8BTjTk3fF7u\nuR0muGxkzEjAAW45aQWP4rqkPy2LIsCrK5NTjxR5AnHpCwAAA7hS4O5OUuDuTgAA\nAAdzc2gtcnNhAAABAQC5nZPFjgFo8n81wgtI6ul2CraUHOdSXRj9gWYV/1q8b57x\nxQlmDbue3YuNEl/2uAyfWlKgw++rDwSdmkzkJgpsj6Amg3QLhTLrkgl5Hni717kJ\nDo06WTDE929UY5E8pWzYRZHFTAOY2ytRka1z5oPztRt4+d7Gd5dlZkB1DzdxDW6k\nQzujvNIA/85GxMurz3iKhy5WLF+X04NX3I6Hzdsd6tKfQ70Xmrotx7LjWOe+kk9Y\nAn0GP34wyZTTGq8tWHWsstNCWJPnCSSLIYWSPfeEIPGbpyVLwFONOTd8Xu65HSa4\nbGTMSMABbjlpBY/iuqQ/LYsiwKsrk1OPFHkCcekLAAAAAwEAAQAAAQEAnJ8+hcBh\nqDCW7sGhzBGMlbJMhYYuGu27nI2HmqAx7Dczo0Zju91yp4bBrnQGzaRX4k7Q0h8D\nKRAvEN2WbB09RoWa2WSqkt3+LZC4tZ7kuXw6Ak5pFQcVg95V7ptlfgsIYSWy7wxJ\nLL4jO1z1Q4sLZKU5XUdal5VqBoHVefExEw6WHwRh5vsF8wl7bzbO9O9TnMI6mdV+\ns96u1f90q0cOLUYa9WtVDc64w+qm8AVtUsWhZtJcp7ol7mZLx9h+ASVOpX7v5SzI\nFlKvuSdCTFVMQnRrf9pfGCDDzaAxXI/s+44A8ayvhnNixPM/7UFoak5huG3uPZVi\nVSyFli4NmDbpAQAAAIAoq+va57vrLPNUwNx0dmMWEaX5VVr6rctjzL6He5++9sGV\nMid4r+7HfAmItzQ9yMN16cAzkTKCIMauI4YnxtlCX9OXY2J71x9OFB5uXiVWu4j6\n3DHKbpjRiEWwxPN2OmAut//llmLYhpttGBcV5ANISoJY9qYO3TQjiZX6/2+SQwAA\nAIEA5cGmbkK8i9HGzURyEPjd1FuF0VXeUSRLepebCB6dXDbSBZdM1NBLfLJGbvHX\nc1FcnrtZfRpqQKq8GLabv2jl7Vn8dRD9jyVzPLCOXUwGQZ5719ZT/SSVQrrlvBzc\nWJS6dRpKWdve9n/zf0GQeNTw31k+gjNBbQUylr/tCZfNkKEAAACBAM7RMdx9663C\nkQXucZ/Zq9j5x0ch0hAcjL5Yh9dIAgeFXKWSvXlft1mwvpl/t0crcQlhl2kpx0oJ\n6Zai8qRSICHMjE8ZzG4yeNMBE6aLeUbxeWjbPZIYwzQC/UCKXxT3/GvPNufyFban\nWzA3op22TNCpfso4WGmiinZk9a48H94rAAAAAAEC\n-----END OPENSSH PRIVATE KEY-----\n",
            "private_key_pem": "-----BEGIN RSA PRIVATE KEY-----\nMIIEowIBAAKCAQEAuZ2TxY4BaPJ/NcILSOrpdgq2lBznUl0Y/YFmFf9avG+e8cUJ\nZg27nt2LjRJf9rgMn1pSoMPvqw8EnZpM5CYKbI+gJoN0C4Uy65IJeR54u9e5CQ6N\nOlkwxPdvVGORPKVs2EWRxUwDmNsrUZGtc+aD87UbePnexneXZWZAdQ83cQ1upEM7\no7zSAP/ORsTLq894iocuVixfl9ODV9yOh83bHerSn0O9F5q6Lcey41jnvpJPWAJ9\nBj9+MMmU0xqvLVh1rLLTQliT5wkkiyGFkj33hCDxm6clS8BTjTk3fF7uuR0muGxk\nzEjAAW45aQWP4rqkPy2LIsCrK5NTjxR5AnHpCwIDAQABAoIBAQCcnz6FwGGoMJbu\nwaHMEYyVskyFhi4a7bucjYeaoDHsNzOjRmO73XKnhsGudAbNpFfiTtDSHwMpEC8Q\n3ZZsHT1GhZrZZKqS3f4tkLi1nuS5fDoCTmkVBxWD3lXum2V+CwhhJbLvDEksviM7\nXPVDiwtkpTldR1qXlWoGgdV58TETDpYfBGHm+wXzCXtvNs7071OcwjqZ1X6z3q7V\n/3SrRw4tRhr1a1UNzrjD6qbwBW1SxaFm0lynuiXuZkvH2H4BJU6lfu/lLMgWUq+5\nJ0JMVUxCdGt/2l8YIMPNoDFcj+z7jgDxrK+Gc2LE8z/tQWhqTmG4be49lWJVLIWW\nLg2YNukBAoGBAOXBpm5CvIvRxs1EchD43dRbhdFV3lEkS3qXmwgenVw20gWXTNTQ\nS3yyRm7x13NRXJ67WX0aakCqvBi2m79o5e1Z/HUQ/Y8lczywjl1MBkGee9fWU/0k\nlUK65bwc3FiUunUaSlnb3vZ/839BkHjU8N9ZPoIzQW0FMpa/7QmXzZChAoGBAM7R\nMdx9663CkQXucZ/Zq9j5x0ch0hAcjL5Yh9dIAgeFXKWSvXlft1mwvpl/t0crcQlh\nl2kpx0oJ6Zai8qRSICHMjE8ZzG4yeNMBE6aLeUbxeWjbPZIYwzQC/UCKXxT3/GvP\nNufyFbanWzA3op22TNCpfso4WGmiinZk9a48H94rAoGAWhyhkg1KtewI9Okrc8yn\n9GoRChGLqHd7wxFDFOQtA8XciaTV1YH8mWOyjED+J5R5pygD6TU7BzHvpCG65E/Y\nHkd05NVNHZ+qmtsEe0MeEQ5/tB+zwU1f3VRAVo9bPMLYfqVZE/VQdY2pivfEGiAq\neO8fvSEtP/0R4l5UMbcAQQECgYAVZVb/NJe5NjPCpVRj8STyIYUYOst8lzeISahk\nATMUjBt1laS8dcaGJN7TCn9vgXMEQXBklMnlQvlDeEAZ99UTKhIp7MVVcStGyQm7\nZRp62GhzDJtmDeHD87s3fhkwFierD5jijgzpBI9OgbL1FfMEc0SGryWWaBZjATbZ\ne6bgWQKBgCir69rnu+ss81TA3HR2YxYRpflVWvqty2PMvod7n772wZUyJ3iv7sd8\nCYi3ND3Iw3XpwDORMoIgxq4jhifG2UJf05djYnvXH04UHm5eJVa7iPrcMcpumNGI\nRbDE83Y6YC63/+WWYtiGm20YFxXkA0hKglj2pg7dNCOJlfr/b5JD\n-----END RSA PRIVATE KEY-----\n",
            "private_key_pem_pkcs8": "-----BEGIN PRIVATE KEY-----\nMIIEvQIBADANBgkqhkiG9w0BAQEFAASCBKcwggSjAgEAAoIBAQC5nZPFjgFo8n81\nwgtI6ul2CraUHOdSXRj9gWYV/1q8b57xxQlmDbue3YuNEl/2uAyfWlKgw++rDwSd\nmkzkJgpsj6Amg3QLhTLrkgl5Hni717kJDo06WTDE929UY5E8pWzYRZHFTAOY2ytR\nka1z5oPztRt4+d7Gd5dlZkB1DzdxDW6kQzujvNIA/85GxMurz3iKhy5WLF+X04NX\n3I6Hzdsd6tKfQ70Xmrotx7LjWOe+kk9YAn0GP34wyZTTGq8tWHWsstNCWJPnCSSL\nIYWSPfeEIPGbpyVLwFONOTd8Xu65HSa4bGTMSMABbjlpBY/iuqQ/LYsiwKsrk1OP\nFHkCcekLAgMBAAECggEBAJyfPoXAYagwlu7BocwRjJWyTIWGLhrtu5yNh5qgMew3\nM6NGY7vdcqeGwa50Bs2kV+JO0NIfAykQLxDdlmwdPUaFmtlkqpLd/i2QuLWe5Ll8\nOgJOaRUHFYPeVe6bZX4LCGElsu8MSSy+Iztc9UOLC2SlOV1HWpeVagaB1XnxMRMO\nlh8EYeb7BfMJe282zvTvU5zCOpnVfrPertX/dKtHDi1GGvVrVQ3OuMPqpvAFbVLF\noWbSXKe6Je5mS8fYfgElTqV+7+UsyBZSr7knQkxVTEJ0a3/aXxggw82gMVyP7PuO\nAPGsr4ZzYsTzP+1BaGpOYbht7j2VYlUshZYuDZg26QECgYEA5cGmbkK8i9HGzURy\nEPjd1FuF0VXeUSRLepebCB6dXDbSBZdM1NBLfLJGbvHXc1FcnrtZfRpqQKq8GLab\nv2jl7Vn8dRD9jyVzPLCOXUwGQZ5719ZT/SSVQrrlvBzcWJS6dRpKWdve9n/zf0GQ\neNTw31k+gjNBbQUylr/tCZfNkKECgYEAztEx3H3rrcKRBe5xn9mr2PnHRyHSEByM\nvliH10gCB4VcpZK9eV+3WbC+mX+3RytxCWGXaSnHSgnplqLypFIgIcyMTxnMbjJ4\n0wETpot5RvF5aNs9khjDNAL9QIpfFPf8a8825/IVtqdbMDeinbZM0Kl+yjhYaaKK\ndmT1rjwf3isCgYBaHKGSDUq17Aj06StzzKf0ahEKEYuod3vDEUMU5C0DxdyJpNXV\ngfyZY7KMQP4nlHmnKAPpNTsHMe+kIbrkT9geR3Tk1U0dn6qa2wR7Qx4RDn+0H7PB\nTV/dVEBWj1s8wth+pVkT9VB1jamK98QaICp47x+9IS0//RHiXlQxtwBBAQKBgBVl\nVv80l7k2M8KlVGPxJPIhhRg6y3yXN4hJqGQBMxSMG3WVpLx1xoYk3tMKf2+BcwRB\ncGSUyeVC+UN4QBn31RMqEinsxVVxK0bJCbtlGnrYaHMMm2YN4cPzuzd+GTAWJ6sP\nmOKODOkEj06BsvUV8wRzRIavJZZoFmMBNtl7puBZAoGAKKvr2ue76yzzVMDcdHZj\nFhGl+VVa+q3LY8y+h3ufvvbBlTIneK/ux3wJiLc0PcjDdenAM5EygiDGriOGJ8bZ\nQl/Tl2Nie9cfThQebl4lVruI+twxym6Y0YhFsMTzdjpgLrf/5ZZi2IabbRgXFeQD\nSEqCWPamDt00I4mV+v9vkkM=\n-----END PRIVATE KEY-----\n",
            "public_key_fingerprint_md5": "28:71:82:03:8e:29:0f:e9:6e:6e:7e:d2:97:07:53:a1",
            "public_key_fingerprint_sha256": "SHA256:QaG+mfSVk4SsJPyIk3V9fDNZb2ZPMLZwePvKV5v5ijE",
            "public_key_openssh": "ssh-rsa AAAAB3NzaC1yc2EAAAADAQABAAABAQC5nZPFjgFo8n81wgtI6ul2CraUHOdSXRj9gWYV/1q8b57xxQlmDbue3YuNEl/2uAyfWlKgw++rDwSdmkzkJgpsj6Amg3QLhTLrkgl5Hni717kJDo06WTDE929UY5E8pWzYRZHFTAOY2ytRka1z5oPztRt4+d7Gd5dlZkB1DzdxDW6kQzujvNIA/85GxMurz3iKhy5WLF+X04NX3I6Hzdsd6tKfQ70Xmrotx7LjWOe+kk9YAn0GP34wyZTTGq8tWHWsstNCWJPnCSSLIYWSPfeEIPGbpyVLwFONOTd8Xu65HSa4bGTMSMABbjlpBY/iuqQ/LYsiwKsrk1OPFHkCcekL\n",
            "public_key_pem": "-----BEGIN PUBLIC KEY-----\nMIIBIjANBgkqhkiG9w0BAQEFAAOCAQ8AMIIBCgKCAQEAuZ2TxY4BaPJ/NcILSOrp\ndgq2lBznUl0Y/YFmFf9avG+e8cUJZg27nt2LjRJf9rgMn1pSoMPvqw8EnZpM5CYK\nbI+gJoN0C4Uy65IJeR54u9e5CQ6NOlkwxPdvVGORPKVs2EWRxUwDmNsrUZGtc+aD\n87UbePnexneXZWZAdQ83cQ1upEM7o7zSAP/ORsTLq894iocuVixfl9ODV9yOh83b\nHerSn0O9F5q6Lcey41jnvpJPWAJ9Bj9+MMmU0xqvLVh1rLLTQliT5wkkiyGFkj33\nhCDxm6clS8BTjTk3fF7uuR0muGxkzEjAAW45aQWP4rqkPy2LIsCrK5NTjxR5AnHp\nCwIDAQAB\n-----END PUBLIC KEY-----\n",
            "rsa_bits": 2048
          },
          "sensitive_attributes": [
            [
              {
                "type": "get_attr",
                "value": "private_key_pem"
              }
            ],
            [
              {
                "type": "get_attr",
                "value": "private_key_pem_pkcs8"
              }
            ],
            [
              {
                "type": "get_attr",
                "value": "private_key_openssh"
              }
            ]
          ]
        }
      ]
    },
    {
      "module": "module.modulenetworkdemo",
      "mode": "managed",
      "type": "aws_subnet",
      "name": "sn1",
      "provider": "provider[\"registry.terraform.io/hashicorp/aws\"]",
      "instances": [
        {
          "schema_version": 1,
          "attributes": {
            "arn": "arn:aws:ec2:us-east-1:737795138174:subnet/subnet-015db1381a20bd2f6",
            "assign_ipv6_address_on_creation": false,
            "availability_zone": "us-east-1b",
            "availability_zone_id": "use1-az2",
            "cidr_block": "10.222.1.0/24",
            "customer_owned_ipv4_pool": "",
            "enable_dns64": false,
            "enable_lni_at_device_index": 0,
            "enable_resource_name_dns_a_record_on_launch": false,
            "enable_resource_name_dns_aaaa_record_on_launch": false,
            "id": "subnet-015db1381a20bd2f6",
            "ipv6_cidr_block": "",
            "ipv6_cidr_block_association_id": "",
            "ipv6_native": false,
            "map_customer_owned_ip_on_launch": false,
            "map_public_ip_on_launch": false,
            "outpost_arn": "",
            "owner_id": "737795138174",
            "private_dns_hostname_type_on_launch": "ip-name",
            "tags": {
              "Name": "subneweb - dev-001"
            },
            "tags_all": {
              "Name": "subneweb - dev-001"
            },
            "timeouts": null,
            "vpc_id": "vpc-094579365b61b900d"
          },
          "sensitive_attributes": [],
          "private": "eyJlMmJmYjczMC1lY2FhLTExZTYtOGY4OC0zNDM2M2JjN2M0YzAiOnsiY3JlYXRlIjo2MDAwMDAwMDAwMDAsImRlbGV0ZSI6MTIwMDAwMDAwMDAwMH0sInNjaGVtYV92ZXJzaW9uIjoiMSJ9"
        }
      ]
    },
    {
      "module": "module.modulenetworkdemo",
      "mode": "managed",
      "type": "aws_subnet",
      "name": "sn2",
      "provider": "provider[\"registry.terraform.io/hashicorp/aws\"]",
      "instances": [
        {
          "schema_version": 1,
          "attributes": {
            "arn": "arn:aws:ec2:us-east-1:737795138174:subnet/subnet-0a5e9333ca65e88de",
            "assign_ipv6_address_on_creation": false,
            "availability_zone": "us-east-1a",
            "availability_zone_id": "use1-az1",
            "cidr_block": "10.222.16.0/24",
            "customer_owned_ipv4_pool": "",
            "enable_dns64": false,
            "enable_lni_at_device_index": 0,
            "enable_resource_name_dns_a_record_on_launch": false,
            "enable_resource_name_dns_aaaa_record_on_launch": false,
            "id": "subnet-0a5e9333ca65e88de",
            "ipv6_cidr_block": "",
            "ipv6_cidr_block_association_id": "",
            "ipv6_native": false,
            "map_customer_owned_ip_on_launch": false,
            "map_public_ip_on_launch": false,
            "outpost_arn": "",
            "owner_id": "737795138174",
            "private_dns_hostname_type_on_launch": "ip-name",
            "tags": {
              "Name": "subnetdb - dev-001"
            },
            "tags_all": {
              "Name": "subnetdb - dev-001"
            },
            "timeouts": null,
            "vpc_id": "vpc-094579365b61b900d"
          },
          "sensitive_attributes": [],
          "private": "eyJlMmJmYjczMC1lY2FhLTExZTYtOGY4OC0zNDM2M2JjN2M0YzAiOnsiY3JlYXRlIjo2MDAwMDAwMDAwMDAsImRlbGV0ZSI6MTIwMDAwMDAwMDAwMH0sInNjaGVtYV92ZXJzaW9uIjoiMSJ9"
        }
      ]
    },
    {
      "module": "module.modulesecuritygroupdemo",
      "mode": "managed",
      "type": "aws_security_group",
      "name": "db-sg",
      "provider": "provider[\"registry.terraform.io/hashicorp/aws\"]",
      "instances": [
        {
          "schema_version": 1,
          "attributes": {
            "arn": "arn:aws:ec2:us-east-1:737795138174:security-group/sg-0046422c7565e9d44",
            "description": "Db server traffic allowed ssh \u0026 http",
            "egress": [
              {
                "cidr_blocks": [
                  "0.0.0.0/0"
                ],
                "description": "",
                "from_port": 0,
                "ipv6_cidr_blocks": [],
                "prefix_list_ids": [],
                "protocol": "-1",
                "security_groups": [],
                "self": false,
                "to_port": 0
              }
            ],
            "id": "sg-0046422c7565e9d44",
            "ingress": [
              {
                "cidr_blocks": [
                  "0.0.0.0/0"
                ],
                "description": "",
                "from_port": 22,
                "ipv6_cidr_blocks": [],
                "prefix_list_ids": [],
                "protocol": "tcp",
                "security_groups": [],
                "self": false,
                "to_port": 22
              },
              {
                "cidr_blocks": [
                  "0.0.0.0/0"
                ],
                "description": "",
                "from_port": 80,
                "ipv6_cidr_blocks": [],
                "prefix_list_ids": [],
                "protocol": "tcp",
                "security_groups": [],
                "self": false,
                "to_port": 80
              }
            ],
            "name": "db-web-ssh-sg16",
            "name_prefix": "",
            "owner_id": "737795138174",
            "revoke_rules_on_delete": false,
            "tags": {},
            "tags_all": {},
            "timeouts": null,
            "vpc_id": "vpc-094579365b61b900d"
          },
          "sensitive_attributes": [],
          "private": "eyJlMmJmYjczMC1lY2FhLTExZTYtOGY4OC0zNDM2M2JjN2M0YzAiOnsiY3JlYXRlIjo2MDAwMDAwMDAwMDAsImRlbGV0ZSI6OTAwMDAwMDAwMDAwfSwic2NoZW1hX3ZlcnNpb24iOiIxIn0="
        }
      ]
    },
    {
      "module": "module.modulesecuritygroupdemo",
      "mode": "managed",
      "type": "aws_vpc_security_group_egress_rule",
      "name": "db-egress",
      "provider": "provider[\"registry.terraform.io/hashicorp/aws\"]",
      "instances": [
        {
          "schema_version": 0,
          "attributes": {
            "arn": "arn:aws:ec2:us-east-1:737795138174:security-group-rule/sgr-037bd8a4ba9bc7d01",
            "cidr_ipv4": "0.0.0.0/0",
            "cidr_ipv6": null,
            "description": null,
            "from_port": null,
            "id": "sgr-037bd8a4ba9bc7d01",
            "ip_protocol": "-1",
            "prefix_list_id": null,
            "referenced_security_group_id": null,
            "security_group_id": "sg-0046422c7565e9d44",
            "security_group_rule_id": "sgr-037bd8a4ba9bc7d01",
            "tags": null,
            "tags_all": {},
            "to_port": null
          },
          "sensitive_attributes": [],
          "dependencies": [
            "module.modulesecuritygroupdemo.aws_security_group.db-sg"
          ]
        }
      ]
    },
    {
      "module": "module.modulesecuritygroupdemo",
      "mode": "managed",
      "type": "aws_vpc_security_group_ingress_rule",
      "name": "db-ingress-22",
      "provider": "provider[\"registry.terraform.io/hashicorp/aws\"]",
      "instances": [
        {
          "schema_version": 0,
          "attributes": {
            "arn": "arn:aws:ec2:us-east-1:737795138174:security-group-rule/sgr-0570ac52db8d5ffbf",
            "cidr_ipv4": "0.0.0.0/0",
            "cidr_ipv6": null,
            "description": null,
            "from_port": 22,
            "id": "sgr-0570ac52db8d5ffbf",
            "ip_protocol": "tcp",
            "prefix_list_id": null,
            "referenced_security_group_id": null,
            "security_group_id": "sg-0046422c7565e9d44",
            "security_group_rule_id": "sgr-0570ac52db8d5ffbf",
            "tags": null,
            "tags_all": {},
            "to_port": 22
          },
          "sensitive_attributes": [],
          "dependencies": [
            "module.modulesecuritygroupdemo.aws_security_group.db-sg"
          ]
        }
      ]
    },
    {
      "module": "module.modulesecuritygroupdemo",
      "mode": "managed",
      "type": "aws_vpc_security_group_ingress_rule",
      "name": "db-ingress-80",
      "provider": "provider[\"registry.terraform.io/hashicorp/aws\"]",
      "instances": [
        {
          "schema_version": 0,
          "attributes": {
            "arn": "arn:aws:ec2:us-east-1:737795138174:security-group-rule/sgr-03e112480dca69de0",
            "cidr_ipv4": "0.0.0.0/0",
            "cidr_ipv6": null,
            "description": null,
            "from_port": 80,
            "id": "sgr-03e112480dca69de0",
            "ip_protocol": "tcp",
            "prefix_list_id": null,
            "referenced_security_group_id": null,
            "security_group_id": "sg-0046422c7565e9d44",
            "security_group_rule_id": "sgr-03e112480dca69de0",
            "tags": null,
            "tags_all": {},
            "to_port": 80
          },
          "sensitive_attributes": [],
          "dependencies": [
            "module.modulesecuritygroupdemo.aws_security_group.db-sg"
          ]
        }
      ]
    }
  ],
  "check_results": null
}
