{
  "version": 4,
  "terraform_version": "1.9.8",
  "serial": 104,
  "lineage": "52e0c332-99bc-dbb3-b3fe-405c77437764",
  "outputs": {
    "instance_id": {
      "value": "i-02e016a7ce26722c8",
      "type": "string"
    }
  },
  "resources": [
    {
      "module": "module.modulecomputedemo",
      "mode": "managed",
      "type": "aws_eip",
      "name": "dev-eip",
      "provider": "provider[\"registry.terraform.io/hashicorp/aws\"]",
      "instances": [
        {
          "schema_version": 0,
          "attributes": {
            "address": null,
            "allocation_id": "eipalloc-0a36b40a576b5f09d",
            "arn": "arn:aws:ec2:us-east-1:737795138174:elastic-ip/eipalloc-0a36b40a576b5f09d",
            "associate_with_private_ip": null,
            "association_id": "eipassoc-036b62f214af0332e",
            "carrier_ip": "",
            "customer_owned_ip": "",
            "customer_owned_ipv4_pool": "",
            "domain": "vpc",
            "id": "eipalloc-0a36b40a576b5f09d",
            "instance": "i-02e016a7ce26722c8",
            "ipam_pool_id": null,
            "network_border_group": "us-east-1",
            "network_interface": "eni-062312cfb07d66c44",
            "private_dns": "ip-10-222-1-166.ec2.internal",
            "private_ip": "10.222.1.166",
            "ptr_record": "",
            "public_dns": "ec2-54-227-56-47.compute-1.amazonaws.com",
            "public_ip": "54.227.56.47",
            "public_ipv4_pool": "amazon",
            "tags": {
              "Name": "dev-ec2-elastic-IP"
            },
            "tags_all": {
              "Name": "dev-ec2-elastic-IP"
            },
            "timeouts": null,
            "vpc": true
          },
          "sensitive_attributes": [],
          "private": "eyJlMmJmYjczMC1lY2FhLTExZTYtOGY4OC0zNDM2M2JjN2M0YzAiOnsiZGVsZXRlIjoxODAwMDAwMDAwMDAsInJlYWQiOjkwMDAwMDAwMDAwMCwidXBkYXRlIjozMDAwMDAwMDAwMDB9fQ==",
          "dependencies": [
            "module.modulecomputedemo.aws_instance.vm16",
            "module.modulecomputedemo.aws_security_group.db-sguser16"
          ]
        }
      ]
    },
    {
      "module": "module.modulecomputedemo",
      "mode": "managed",
      "type": "aws_instance",
      "name": "vm16",
      "provider": "provider[\"registry.terraform.io/hashicorp/aws\"]",
      "instances": [
        {
          "schema_version": 1,
          "attributes": {
            "ami": "ami-0866a3c8686eaeeba",
            "arn": "arn:aws:ec2:us-east-1:737795138174:instance/i-02e016a7ce26722c8",
            "associate_public_ip_address": false,
            "availability_zone": "us-east-1b",
            "capacity_reservation_specification": [
              {
                "capacity_reservation_preference": "open",
                "capacity_reservation_target": []
              }
            ],
            "cpu_core_count": 1,
            "cpu_options": [
              {
                "amd_sev_snp": "",
                "core_count": 1,
                "threads_per_core": 1
              }
            ],
            "cpu_threads_per_core": 1,
            "credit_specification": [
              {
                "cpu_credits": "standard"
              }
            ],
            "disable_api_stop": false,
            "disable_api_termination": false,
            "ebs_block_device": [],
            "ebs_optimized": false,
            "enclave_options": [
              {
                "enabled": false
              }
            ],
            "ephemeral_block_device": [],
            "get_password_data": false,
            "hibernation": false,
            "host_id": "",
            "host_resource_group_arn": null,
            "iam_instance_profile": "",
            "id": "i-02e016a7ce26722c8",
            "instance_initiated_shutdown_behavior": "stop",
            "instance_lifecycle": "",
            "instance_market_options": [],
            "instance_state": "running",
            "instance_type": "t2.micro",
            "ipv6_address_count": 0,
            "ipv6_addresses": [],
            "key_name": "",
            "launch_template": [],
            "maintenance_options": [
              {
                "auto_recovery": "default"
              }
            ],
            "metadata_options": [
              {
                "http_endpoint": "enabled",
                "http_protocol_ipv6": "disabled",
                "http_put_response_hop_limit": 2,
                "http_tokens": "required",
                "instance_metadata_tags": "disabled"
              }
            ],
            "monitoring": false,
            "network_interface": [],
            "outpost_arn": "",
            "password_data": "",
            "placement_group": "",
            "placement_partition_number": 0,
            "primary_network_interface_id": "eni-062312cfb07d66c44",
            "private_dns": "ip-10-222-1-166.ec2.internal",
            "private_dns_name_options": [
              {
                "enable_resource_name_dns_a_record": false,
                "enable_resource_name_dns_aaaa_record": false,
                "hostname_type": "ip-name"
              }
            ],
            "private_ip": "10.222.1.166",
            "public_dns": "",
            "public_ip": "",
            "root_block_device": [
              {
                "delete_on_termination": true,
                "device_name": "/dev/sda1",
                "encrypted": false,
                "iops": 3000,
                "kms_key_id": "",
                "tags": {},
                "tags_all": {},
                "throughput": 125,
                "volume_id": "vol-0b02a8bc97987a6ea",
                "volume_size": 8,
                "volume_type": "gp3"
              }
            ],
            "secondary_private_ips": [],
            "security_groups": [],
            "source_dest_check": true,
            "spot_instance_request_id": "",
            "subnet_id": "subnet-015db1381a20bd2f6",
            "tags": {
              "Name": "vmuser16"
            },
            "tags_all": {
              "Name": "vmuser16"
            },
            "tenancy": "default",
            "timeouts": null,
            "user_data": null,
            "user_data_base64": null,
            "user_data_replace_on_change": false,
            "volume_tags": null,
            "vpc_security_group_ids": [
              "sg-08e1fbb23ece61c9f"
            ]
          },
          "sensitive_attributes": [],
          "private": "eyJlMmJmYjczMC1lY2FhLTExZTYtOGY4OC0zNDM2M2JjN2M0YzAiOnsiY3JlYXRlIjo2MDAwMDAwMDAwMDAsImRlbGV0ZSI6MTIwMDAwMDAwMDAwMCwicmVhZCI6OTAwMDAwMDAwMDAwLCJ1cGRhdGUiOjYwMDAwMDAwMDAwMH0sInNjaGVtYV92ZXJzaW9uIjoiMSJ9",
          "dependencies": [
            "module.modulecomputedemo.aws_security_group.db-sguser16"
          ]
        }
      ]
    },
    {
      "module": "module.modulecomputedemo",
      "mode": "managed",
      "type": "aws_security_group",
      "name": "db-sguser16",
      "provider": "provider[\"registry.terraform.io/hashicorp/aws\"]",
      "instances": [
        {
          "schema_version": 1,
          "attributes": {
            "arn": "arn:aws:ec2:us-east-1:737795138174:security-group/sg-08e1fbb23ece61c9f",
            "description": "Db server traffic allowed ssh \u0026 http",
            "egress": [],
            "id": "sg-08e1fbb23ece61c9f",
            "ingress": [],
            "name": "db-web-ssh-sguser16",
            "name_prefix": "",
            "owner_id": "737795138174",
            "revoke_rules_on_delete": false,
            "tags": {},
            "tags_all": {},
            "timeouts": null,
            "vpc_id": "vpc-094579365b61b900d"
          },
          "sensitive_attributes": [],
          "private": "eyJlMmJmYjczMC1lY2FhLTExZTYtOGY4OC0zNDM2M2JjN2M0YzAiOnsiY3JlYXRlIjo2MDAwMDAwMDAwMDAsImRlbGV0ZSI6OTAwMDAwMDAwMDAwfSwic2NoZW1hX3ZlcnNpb24iOiIxIn0="
        }
      ]
    },
    {
      "module": "module.modulecomputedemo",
      "mode": "managed",
      "type": "tls_private_key",
      "name": "dbkey",
      "provider": "provider[\"registry.terraform.io/hashicorp/tls\"]",
      "instances": [
        {
          "schema_version": 1,
          "attributes": {
            "algorithm": "RSA",
            "ecdsa_curve": "P224",
            "id": "398af1591c145295c21cb4e5fcc8084e15079523",
            "private_key_openssh": "-----BEGIN OPENSSH PRIVATE KEY-----\nb3BlbnNzaC1rZXktdjEAAAAABG5vbmUAAAAEbm9uZQAAAAAAAAABAAABFwAAAAdz\nc2gtcnNhAAAAAwEAAQAAAQEAsNwOb1z4vYm+zfN0gQHOphhT7zlu7IEBuAPm/s5P\nqF/PAb/jhkUlodgXC/9tGJCUu6unQuWm91OMQ4yQBkpY1ZD3lNuzpS9BzabYOTu5\nTD+XhVhEKj43XxGPIzYZe7W8gUSzJtAXk4YamncncYcyebFLldoKwLZpHBqn0b+y\n1/gFeYazUKjP7BR17tDMlI9brp71R8hZhjPxaEUWDIscGIicRnsXfaw1q9vCcKd+\nlacfZvJHVQNvNC3lQSnsVGcxo1CsSX/upteeEAqYbiD7ho6Qdm7ukiTVxgFIJMmj\nM277dbCHwai+M8Cpy5OlR+DAgCCNbFRCaCSMOk+ETfixjQAAA7geGZhQHhmYUAAA\nAAdzc2gtcnNhAAABAQCw3A5vXPi9ib7N83SBAc6mGFPvOW7sgQG4A+b+zk+oX88B\nv+OGRSWh2BcL/20YkJS7q6dC5ab3U4xDjJAGSljVkPeU27OlL0HNptg5O7lMP5eF\nWEQqPjdfEY8jNhl7tbyBRLMm0BeThhqadydxhzJ5sUuV2grAtmkcGqfRv7LX+AV5\nhrNQqM/sFHXu0MyUj1uunvVHyFmGM/FoRRYMixwYiJxGexd9rDWr28Jwp36Vpx9m\n8kdVA280LeVBKexUZzGjUKxJf+6m154QCphuIPuGjpB2bu6SJNXGAUgkyaMzbvt1\nsIfBqL4zwKnLk6VH4MCAII1sVEJoJIw6T4RN+LGNAAAAAwEAAQAAAQEAkas+bHUc\nHykEMieyrsspRN7Gy0P32+5J1yHHsdmF/L2lB+Df6uirHUmZefVRCymSh5zTcCMt\nSYrT/ZMZ0USNNKJpeX8X0RdCULt6XnGVpnq+N0NDKbQC8VfKGItno+BFOge2s2Iz\n+Ps8kDtSDoz3gwoHoo5rytyzaEWAMh99k6lB3FAuXvNHDHsa6NLHysg65pYNNHgy\nTsfherhFIYy7EZIF8V5NV0sJcUitSsoa/jTrm04ZFPKuqMScg4pQ7v5XOcfRR3iJ\nvtPlUr948u0/z2x0PSEdXX+QvY0FmXk667GqQig0cw8uskSWwhcIVo+Nz9lPyrHH\n6YXRfrFaC6YSdQAAAIAxazPBBZj1BYrldz8+5IOYqvb9pRjRVCh4UHHucXq6e10G\nAjgNlORs7d7rYpOlW+ncai9BtklI6tpjGGq5Hf+hRJqKb65ypIisHfQk2lvWnIa5\nxWgU4NVEV9KnRWX54daqH7NvS4zTvQWpjhpBqrH3Lh23rd3IV4v5TcbzL+BdvAAA\nAIEAwT7wPPnAWZhjpX721be0i/RCpawgSEOsnXbLO4Tj6SToYUVwFVf/KlKrDXEK\n1sVtt6rb/PvSczTKgrZ0ax11XVG7w8Yj9wNj8Vqa54QtGPFiVk4IU0cNVS2tKgF5\no/1dslWNvhqLyOtml7qbOafDJwwPpNbq1gcYwWmyG0vgm18AAACBAOpK4hC4MIt2\nBYKbUF6YOE2zjiIAOJu11FdtHJPB1MDc0+6Ev4gR+TTuC5MYpWqGAggb4ROoHSN1\nYeidLqM6G01fYeRZBx3hhkY7jrzKyv7qnSn5LV2yzsdEu28po9DEdfr+Bme7O5/2\nHTMJy70NhdgsErGFrsQ9IIM0RYRgrMaTAAAAAAEC\n-----END OPENSSH PRIVATE KEY-----\n",
            "private_key_pem": "-----BEGIN RSA PRIVATE KEY-----\nMIIEowIBAAKCAQEAsNwOb1z4vYm+zfN0gQHOphhT7zlu7IEBuAPm/s5PqF/PAb/j\nhkUlodgXC/9tGJCUu6unQuWm91OMQ4yQBkpY1ZD3lNuzpS9BzabYOTu5TD+XhVhE\nKj43XxGPIzYZe7W8gUSzJtAXk4YamncncYcyebFLldoKwLZpHBqn0b+y1/gFeYaz\nUKjP7BR17tDMlI9brp71R8hZhjPxaEUWDIscGIicRnsXfaw1q9vCcKd+lacfZvJH\nVQNvNC3lQSnsVGcxo1CsSX/upteeEAqYbiD7ho6Qdm7ukiTVxgFIJMmjM277dbCH\nwai+M8Cpy5OlR+DAgCCNbFRCaCSMOk+ETfixjQIDAQABAoIBAQCRqz5sdRwfKQQy\nJ7KuyylE3sbLQ/fb7knXIcex2YX8vaUH4N/q6KsdSZl59VELKZKHnNNwIy1JitP9\nkxnRRI00oml5fxfRF0JQu3pecZWmer43Q0MptALxV8oYi2ej4EU6B7azYjP4+zyQ\nO1IOjPeDCgeijmvK3LNoRYAyH32TqUHcUC5e80cMexro0sfKyDrmlg00eDJOx+F6\nuEUhjLsRkgXxXk1XSwlxSK1Kyhr+NOubThkU8q6oxJyDilDu/lc5x9FHeIm+0+VS\nv3jy7T/PbHQ9IR1df5C9jQWZeTrrsapCKDRzDy6yRJbCFwhWj43P2U/KscfphdF+\nsVoLphJ1AoGBAME+8Dz5wFmYY6V+9tW3tIv0QqWsIEhDrJ12yzuE4+kk6GFFcBVX\n/ypSqw1xCtbFbbeq2/z70nM0yoK2dGsddV1Ru8PGI/cDY/FamueELRjxYlZOCFNH\nDVUtrSoBeaP9XbJVjb4ai8jrZpe6mzmnwycMD6TW6tYHGMFpshtL4JtfAoGBAOpK\n4hC4MIt2BYKbUF6YOE2zjiIAOJu11FdtHJPB1MDc0+6Ev4gR+TTuC5MYpWqGAggb\n4ROoHSN1YeidLqM6G01fYeRZBx3hhkY7jrzKyv7qnSn5LV2yzsdEu28po9DEdfr+\nBme7O5/2HTMJy70NhdgsErGFrsQ9IIM0RYRgrMaTAoGAGyLuc3GS7EH1BEFvAhX4\n+YpEbaVdJyixra8H3QTNSGkRZM9ubODdiSDwukN8hSpWPOt2VvE53Um1gmOCt6P8\nXi1jE5vYYxCL0VGq3QX3m0ASUhJFIwSgP6zZW0O3xCqJJMjUzbRGmuFLl9TxhUgk\npHASJlCzy3hVpptkEmc2VDsCgYB9SN/MOwJSgSD/L1hxzQpGmp6FlgKvWTMcMQ+X\n/41qOGvn3vqgo6PUZvqvhP1nkhNiDK52GW7DeFCL2AmJZVgWLswlFGpW0zM/OTfh\nwrt8Ry8Vs9ZLhYNHUXy9O9IKoBPKzK3WKGwA5NXGZhWZmbKZ3y972FWVQG6zWm9W\nE3AwmwKBgDFrM8EFmPUFiuV3Pz7kg5iq9v2lGNFUKHhQce5xerp7XQYCOA2U5Gzt\n3utik6Vb6dxqL0G2SUjq2mMYarkd/6FEmopvrnKkiKwd9CTaW9achrnFaBTg1URX\n0qdFZfnh1qofs29LjNO9BamOGkGqsfcuHbet3chXi/lNxvMv4F28\n-----END RSA PRIVATE KEY-----\n",
            "private_key_pem_pkcs8": "-----BEGIN PRIVATE KEY-----\nMIIEvQIBADANBgkqhkiG9w0BAQEFAASCBKcwggSjAgEAAoIBAQCw3A5vXPi9ib7N\n83SBAc6mGFPvOW7sgQG4A+b+zk+oX88Bv+OGRSWh2BcL/20YkJS7q6dC5ab3U4xD\njJAGSljVkPeU27OlL0HNptg5O7lMP5eFWEQqPjdfEY8jNhl7tbyBRLMm0BeThhqa\ndydxhzJ5sUuV2grAtmkcGqfRv7LX+AV5hrNQqM/sFHXu0MyUj1uunvVHyFmGM/Fo\nRRYMixwYiJxGexd9rDWr28Jwp36Vpx9m8kdVA280LeVBKexUZzGjUKxJf+6m154Q\nCphuIPuGjpB2bu6SJNXGAUgkyaMzbvt1sIfBqL4zwKnLk6VH4MCAII1sVEJoJIw6\nT4RN+LGNAgMBAAECggEBAJGrPmx1HB8pBDInsq7LKUTexstD99vuSdchx7HZhfy9\npQfg3+roqx1JmXn1UQspkoec03AjLUmK0/2TGdFEjTSiaXl/F9EXQlC7el5xlaZ6\nvjdDQym0AvFXyhiLZ6PgRToHtrNiM/j7PJA7Ug6M94MKB6KOa8rcs2hFgDIffZOp\nQdxQLl7zRwx7GujSx8rIOuaWDTR4Mk7H4Xq4RSGMuxGSBfFeTVdLCXFIrUrKGv40\n65tOGRTyrqjEnIOKUO7+VznH0Ud4ib7T5VK/ePLtP89sdD0hHV1/kL2NBZl5Ouux\nqkIoNHMPLrJElsIXCFaPjc/ZT8qxx+mF0X6xWgumEnUCgYEAwT7wPPnAWZhjpX72\n1be0i/RCpawgSEOsnXbLO4Tj6SToYUVwFVf/KlKrDXEK1sVtt6rb/PvSczTKgrZ0\nax11XVG7w8Yj9wNj8Vqa54QtGPFiVk4IU0cNVS2tKgF5o/1dslWNvhqLyOtml7qb\nOafDJwwPpNbq1gcYwWmyG0vgm18CgYEA6kriELgwi3YFgptQXpg4TbOOIgA4m7XU\nV20ck8HUwNzT7oS/iBH5NO4LkxilaoYCCBvhE6gdI3Vh6J0uozobTV9h5FkHHeGG\nRjuOvMrK/uqdKfktXbLOx0S7bymj0MR1+v4GZ7s7n/YdMwnLvQ2F2CwSsYWuxD0g\ngzRFhGCsxpMCgYAbIu5zcZLsQfUEQW8CFfj5ikRtpV0nKLGtrwfdBM1IaRFkz25s\n4N2JIPC6Q3yFKlY863ZW8TndSbWCY4K3o/xeLWMTm9hjEIvRUardBfebQBJSEkUj\nBKA/rNlbQ7fEKokkyNTNtEaa4UuX1PGFSCSkcBImULPLeFWmm2QSZzZUOwKBgH1I\n38w7AlKBIP8vWHHNCkaanoWWAq9ZMxwxD5f/jWo4a+fe+qCjo9Rm+q+E/WeSE2IM\nrnYZbsN4UIvYCYllWBYuzCUUalbTMz85N+HCu3xHLxWz1kuFg0dRfL070gqgE8rM\nrdYobADk1cZmFZmZspnfL3vYVZVAbrNab1YTcDCbAoGAMWszwQWY9QWK5Xc/PuSD\nmKr2/aUY0VQoeFBx7nF6untdBgI4DZTkbO3e62KTpVvp3GovQbZJSOraYxhquR3/\noUSaim+ucqSIrB30JNpb1pyGucVoFODVRFfSp0Vl+eHWqh+zb0uM070FqY4aQaqx\n9y4dt63dyFeL+U3G8y/gXbw=\n-----END PRIVATE KEY-----\n",
            "public_key_fingerprint_md5": "6b:b6:8c:c3:6f:35:31:90:49:20:d4:48:0f:f1:fa:41",
            "public_key_fingerprint_sha256": "SHA256:x0/uUyOqycvFr8bkUaXAAyL2AplCPUZ1DrlQSEyNOuI",
            "public_key_openssh": "ssh-rsa AAAAB3NzaC1yc2EAAAADAQABAAABAQCw3A5vXPi9ib7N83SBAc6mGFPvOW7sgQG4A+b+zk+oX88Bv+OGRSWh2BcL/20YkJS7q6dC5ab3U4xDjJAGSljVkPeU27OlL0HNptg5O7lMP5eFWEQqPjdfEY8jNhl7tbyBRLMm0BeThhqadydxhzJ5sUuV2grAtmkcGqfRv7LX+AV5hrNQqM/sFHXu0MyUj1uunvVHyFmGM/FoRRYMixwYiJxGexd9rDWr28Jwp36Vpx9m8kdVA280LeVBKexUZzGjUKxJf+6m154QCphuIPuGjpB2bu6SJNXGAUgkyaMzbvt1sIfBqL4zwKnLk6VH4MCAII1sVEJoJIw6T4RN+LGN\n",
            "public_key_pem": "-----BEGIN PUBLIC KEY-----\nMIIBIjANBgkqhkiG9w0BAQEFAAOCAQ8AMIIBCgKCAQEAsNwOb1z4vYm+zfN0gQHO\nphhT7zlu7IEBuAPm/s5PqF/PAb/jhkUlodgXC/9tGJCUu6unQuWm91OMQ4yQBkpY\n1ZD3lNuzpS9BzabYOTu5TD+XhVhEKj43XxGPIzYZe7W8gUSzJtAXk4YamncncYcy\nebFLldoKwLZpHBqn0b+y1/gFeYazUKjP7BR17tDMlI9brp71R8hZhjPxaEUWDIsc\nGIicRnsXfaw1q9vCcKd+lacfZvJHVQNvNC3lQSnsVGcxo1CsSX/upteeEAqYbiD7\nho6Qdm7ukiTVxgFIJMmjM277dbCHwai+M8Cpy5OlR+DAgCCNbFRCaCSMOk+ETfix\njQIDAQAB\n-----END PUBLIC KEY-----\n",
            "rsa_bits": 2048
          },
          "sensitive_attributes": [
            [
              {
                "type": "get_attr",
                "value": "private_key_pem_pkcs8"
              }
            ],
            [
              {
                "type": "get_attr",
                "value": "private_key_openssh"
              }
            ],
            [
              {
                "type": "get_attr",
                "value": "private_key_pem"
              }
            ]
          ]
        }
      ]
    },
    {
      "module": "module.modulenetworkdemo",
      "mode": "managed",
      "type": "aws_subnet",
      "name": "sn16",
      "provider": "provider[\"registry.terraform.io/hashicorp/aws\"]",
      "instances": [
        {
          "schema_version": 1,
          "attributes": {
            "arn": "arn:aws:ec2:us-east-1:737795138174:subnet/subnet-0f56d76ae94ccc645",
            "assign_ipv6_address_on_creation": false,
            "availability_zone": "us-east-1b",
            "availability_zone_id": "use1-az2",
            "cidr_block": "10.222.61.0/24",
            "customer_owned_ipv4_pool": "",
            "enable_dns64": false,
            "enable_lni_at_device_index": 0,
            "enable_resource_name_dns_a_record_on_launch": false,
            "enable_resource_name_dns_aaaa_record_on_launch": false,
            "id": "subnet-0f56d76ae94ccc645",
            "ipv6_cidr_block": "",
            "ipv6_cidr_block_association_id": "",
            "ipv6_native": false,
            "map_customer_owned_ip_on_launch": false,
            "map_public_ip_on_launch": false,
            "outpost_arn": "",
            "owner_id": "737795138174",
            "private_dns_hostname_type_on_launch": "ip-name",
            "tags": {
              "Name": "subneweb1 - dev-001"
            },
            "tags_all": {
              "Name": "subneweb1 - dev-001"
            },
            "timeouts": null,
            "vpc_id": "vpc-094579365b61b900d"
          },
          "sensitive_attributes": [],
          "private": "eyJlMmJmYjczMC1lY2FhLTExZTYtOGY4OC0zNDM2M2JjN2M0YzAiOnsiY3JlYXRlIjo2MDAwMDAwMDAwMDAsImRlbGV0ZSI6MTIwMDAwMDAwMDAwMH0sInNjaGVtYV92ZXJzaW9uIjoiMSJ9"
        }
      ]
    },
    {
      "module": "module.modulenetworkdemo",
      "mode": "managed",
      "type": "aws_subnet",
      "name": "sn2",
      "provider": "provider[\"registry.terraform.io/hashicorp/aws\"]",
      "instances": [
        {
          "schema_version": 1,
          "attributes": {
            "arn": "arn:aws:ec2:us-east-1:737795138174:subnet/subnet-09f2c34ada81d73e3",
            "assign_ipv6_address_on_creation": false,
            "availability_zone": "us-east-1a",
            "availability_zone_id": "use1-az1",
            "cidr_block": "10.222.53.0/24",
            "customer_owned_ipv4_pool": "",
            "enable_dns64": false,
            "enable_lni_at_device_index": 0,
            "enable_resource_name_dns_a_record_on_launch": false,
            "enable_resource_name_dns_aaaa_record_on_launch": false,
            "id": "subnet-09f2c34ada81d73e3",
            "ipv6_cidr_block": "",
            "ipv6_cidr_block_association_id": "",
            "ipv6_native": false,
            "map_customer_owned_ip_on_launch": false,
            "map_public_ip_on_launch": false,
            "outpost_arn": "",
            "owner_id": "737795138174",
            "private_dns_hostname_type_on_launch": "ip-name",
            "tags": {
              "Name": "subnetdb - dev-001"
            },
            "tags_all": {
              "Name": "subnetdb - dev-001"
            },
            "timeouts": null,
            "vpc_id": "vpc-094579365b61b900d"
          },
          "sensitive_attributes": [],
          "private": "eyJlMmJmYjczMC1lY2FhLTExZTYtOGY4OC0zNDM2M2JjN2M0YzAiOnsiY3JlYXRlIjo2MDAwMDAwMDAwMDAsImRlbGV0ZSI6MTIwMDAwMDAwMDAwMH0sInNjaGVtYV92ZXJzaW9uIjoiMSJ9"
        }
      ]
    },
    {
      "module": "module.modulesecuritygroupdemo",
      "mode": "managed",
      "type": "aws_security_group",
      "name": "db-sg",
      "provider": "provider[\"registry.terraform.io/hashicorp/aws\"]",
      "instances": [
        {
          "schema_version": 1,
          "attributes": {
            "arn": "arn:aws:ec2:us-east-1:737795138174:security-group/sg-04beee7fdfc2448b7",
            "description": "Db server traffic allowed ssh \u0026 http",
            "egress": [
              {
                "cidr_blocks": [
                  "0.0.0.0/0"
                ],
                "description": "",
                "from_port": 0,
                "ipv6_cidr_blocks": [],
                "prefix_list_ids": [],
                "protocol": "-1",
                "security_groups": [],
                "self": false,
                "to_port": 0
              }
            ],
            "id": "sg-04beee7fdfc2448b7",
            "ingress": [
              {
                "cidr_blocks": [
                  "0.0.0.0/0"
                ],
                "description": "",
                "from_port": 22,
                "ipv6_cidr_blocks": [],
                "prefix_list_ids": [],
                "protocol": "tcp",
                "security_groups": [],
                "self": false,
                "to_port": 22
              },
              {
                "cidr_blocks": [
                  "0.0.0.0/0"
                ],
                "description": "",
                "from_port": 80,
                "ipv6_cidr_blocks": [],
                "prefix_list_ids": [],
                "protocol": "tcp",
                "security_groups": [],
                "self": false,
                "to_port": 80
              }
            ],
            "name": "db-web-ssh-sg16",
            "name_prefix": "",
            "owner_id": "737795138174",
            "revoke_rules_on_delete": false,
            "tags": {},
            "tags_all": {},
            "timeouts": null,
            "vpc_id": "vpc-094579365b61b900d"
          },
          "sensitive_attributes": [],
          "private": "eyJlMmJmYjczMC1lY2FhLTExZTYtOGY4OC0zNDM2M2JjN2M0YzAiOnsiY3JlYXRlIjo2MDAwMDAwMDAwMDAsImRlbGV0ZSI6OTAwMDAwMDAwMDAwfSwic2NoZW1hX3ZlcnNpb24iOiIxIn0="
        }
      ]
    },
    {
      "module": "module.modulesecuritygroupdemo",
      "mode": "managed",
      "type": "aws_vpc_security_group_egress_rule",
      "name": "db-egress",
      "provider": "provider[\"registry.terraform.io/hashicorp/aws\"]",
      "instances": [
        {
          "schema_version": 0,
          "attributes": {
            "arn": "arn:aws:ec2:us-east-1:737795138174:security-group-rule/sgr-0e152dd6441e0b8f4",
            "cidr_ipv4": "0.0.0.0/0",
            "cidr_ipv6": null,
            "description": null,
            "from_port": null,
            "id": "sgr-0e152dd6441e0b8f4",
            "ip_protocol": "-1",
            "prefix_list_id": null,
            "referenced_security_group_id": null,
            "security_group_id": "sg-04beee7fdfc2448b7",
            "security_group_rule_id": "sgr-0e152dd6441e0b8f4",
            "tags": null,
            "tags_all": {},
            "to_port": null
          },
          "sensitive_attributes": [],
          "dependencies": [
            "module.modulesecuritygroupdemo.aws_security_group.db-sg"
          ]
        }
      ]
    },
    {
      "module": "module.modulesecuritygroupdemo",
      "mode": "managed",
      "type": "aws_vpc_security_group_ingress_rule",
      "name": "db-ingress-22",
      "provider": "provider[\"registry.terraform.io/hashicorp/aws\"]",
      "instances": [
        {
          "schema_version": 0,
          "attributes": {
            "arn": "arn:aws:ec2:us-east-1:737795138174:security-group-rule/sgr-08cc34a58dcc00acd",
            "cidr_ipv4": "0.0.0.0/0",
            "cidr_ipv6": null,
            "description": null,
            "from_port": 22,
            "id": "sgr-08cc34a58dcc00acd",
            "ip_protocol": "tcp",
            "prefix_list_id": null,
            "referenced_security_group_id": null,
            "security_group_id": "sg-04beee7fdfc2448b7",
            "security_group_rule_id": "sgr-08cc34a58dcc00acd",
            "tags": null,
            "tags_all": {},
            "to_port": 22
          },
          "sensitive_attributes": [],
          "dependencies": [
            "module.modulesecuritygroupdemo.aws_security_group.db-sg"
          ]
        }
      ]
    },
    {
      "module": "module.modulesecuritygroupdemo",
      "mode": "managed",
      "type": "aws_vpc_security_group_ingress_rule",
      "name": "db-ingress-80",
      "provider": "provider[\"registry.terraform.io/hashicorp/aws\"]",
      "instances": [
        {
          "schema_version": 0,
          "attributes": {
            "arn": "arn:aws:ec2:us-east-1:737795138174:security-group-rule/sgr-0ff0060b2b2b20b2e",
            "cidr_ipv4": "0.0.0.0/0",
            "cidr_ipv6": null,
            "description": null,
            "from_port": 80,
            "id": "sgr-0ff0060b2b2b20b2e",
            "ip_protocol": "tcp",
            "prefix_list_id": null,
            "referenced_security_group_id": null,
            "security_group_id": "sg-04beee7fdfc2448b7",
            "security_group_rule_id": "sgr-0ff0060b2b2b20b2e",
            "tags": null,
            "tags_all": {},
            "to_port": 80
          },
          "sensitive_attributes": [],
          "dependencies": [
            "module.modulesecuritygroupdemo.aws_security_group.db-sg"
          ]
        }
      ]
    }
  ],
  "check_results": null
}
